{
  "lockfile_version": "1",
  "packages": {
    "bat@latest": {
      "last_modified": "2024-07-24T00:53:51Z",
      "resolved": "github:NixOS/nixpkgs/4f02464258baaf54992debfd010a7a3662a25536#bat",
      "source": "devbox-search",
      "version": "0.24.0",
      "systems": {
        "aarch64-darwin": {
          "outputs": [
            {
              "name": "out",
              "path": "/nix/store/prk010cj8rqhwl4zcy4xsdr6my7xrxff-bat-0.24.0",
              "default": true
            }
          ],
          "store_path": "/nix/store/prk010cj8rqhwl4zcy4xsdr6my7xrxff-bat-0.24.0"
        },
        "aarch64-linux": {
          "outputs": [
            {
              "name": "out",
              "path": "/nix/store/h2j4dy50r2wn82vlykjcly7bh97vh2wa-bat-0.24.0",
              "default": true
            }
          ],
          "store_path": "/nix/store/h2j4dy50r2wn82vlykjcly7bh97vh2wa-bat-0.24.0"
        },
        "x86_64-darwin": {
          "outputs": [
            {
              "name": "out",
              "path": "/nix/store/zzgjjb54ill3l2pdrqhkhyhp341cwhm5-bat-0.24.0",
              "default": true
            }
          ],
          "store_path": "/nix/store/zzgjjb54ill3l2pdrqhkhyhp341cwhm5-bat-0.24.0"
        },
        "x86_64-linux": {
          "outputs": [
            {
              "name": "out",
              "path": "/nix/store/v0nq16qp8x4iy068xhhhs2n9c1rnb785-bat-0.24.0",
              "default": true
            }
          ],
          "store_path": "/nix/store/v0nq16qp8x4iy068xhhhs2n9c1rnb785-bat-0.24.0"
        }
      }
    },
    "eza@latest": {
      "last_modified": "2024-07-28T04:39:20Z",
      "resolved": "github:NixOS/nixpkgs/038fb464fcfa79b4f08131b07f2d8c9a6bcc4160#eza",
      "source": "devbox-search",
      "version": "0.18.23",
      "systems": {
        "aarch64-darwin": {
          "outputs": [
            {
              "name": "out",
              "path": "/nix/store/5blpx8b4ggsf2xjpwxshnxr19mzvxba6-eza-0.18.23",
              "default": true
            },
            {
              "name": "man",
              "path": "/nix/store/d8gyv5fdpsfzf22c6kb48ais8f4nmpay-eza-0.18.23-man",
              "default": true
            }
          ],
          "store_path": "/nix/store/5blpx8b4ggsf2xjpwxshnxr19mzvxba6-eza-0.18.23"
        },
        "aarch64-linux": {
          "outputs": [
            {
              "name": "out",
              "path": "/nix/store/drddl9rwm1rn2xsb2hhyla88b1vkbl1v-eza-0.18.23",
              "default": true
            },
            {
              "name": "man",
              "path": "/nix/store/2dh7g8p50ia1vn8xgdy1b5jrmzgqgsg7-eza-0.18.23-man",
              "default": true
            }
          ],
          "store_path": "/nix/store/drddl9rwm1rn2xsb2hhyla88b1vkbl1v-eza-0.18.23"
        },
        "x86_64-darwin": {
          "outputs": [
            {
              "name": "out",
              "path": "/nix/store/zv9y9kl9wk5zxgjsvgi0a75h3x1glz07-eza-0.18.23",
              "default": true
            },
            {
              "name": "man",
              "path": "/nix/store/pdal4ng45hzhsgqxar32cq2mvzhlv6l4-eza-0.18.23-man",
              "default": true
            }
          ],
          "store_path": "/nix/store/zv9y9kl9wk5zxgjsvgi0a75h3x1glz07-eza-0.18.23"
        },
        "x86_64-linux": {
          "outputs": [
            {
              "name": "out",
              "path": "/nix/store/4lp81a3wfwsnff14z2qvl5vx1n5qrcc3-eza-0.18.23",
              "default": true
            },
            {
              "name": "man",
              "path": "/nix/store/pnlz446xgzfdh6yv2hkhl05jfx7hl7gh-eza-0.18.23-man",
              "default": true
            }
          ],
          "store_path": "/nix/store/4lp81a3wfwsnff14z2qvl5vx1n5qrcc3-eza-0.18.23"
        }
      }
    },
    "fzf@latest": {
      "last_modified": "2024-07-28T04:39:20Z",
      "resolved": "github:NixOS/nixpkgs/038fb464fcfa79b4f08131b07f2d8c9a6bcc4160#fzf",
      "source": "devbox-search",
      "version": "0.54.2",
      "systems": {
        "aarch64-darwin": {
          "outputs": [
            {
              "name": "out",
              "path": "/nix/store/gg81vbqw1ibaz9414zii4m3wv0mqc07d-fzf-0.54.2",
              "default": true
            },
            {
              "name": "man",
              "path": "/nix/store/ccw41pkwy8jz3dw2ykswpipcgz28nks7-fzf-0.54.2-man",
              "default": true
            }
          ],
          "store_path": "/nix/store/gg81vbqw1ibaz9414zii4m3wv0mqc07d-fzf-0.54.2"
        },
        "aarch64-linux": {
          "outputs": [
            {
              "name": "out",
              "path": "/nix/store/lg5msxhj64lip7c54zfj3nyvy24xj40h-fzf-0.54.2",
              "default": true
            },
            {
              "name": "man",
              "path": "/nix/store/ix54nbmx3nvg3smxpcbnkngfvcra7ajc-fzf-0.54.2-man",
              "default": true
            }
          ],
          "store_path": "/nix/store/lg5msxhj64lip7c54zfj3nyvy24xj40h-fzf-0.54.2"
        },
        "x86_64-darwin": {
          "outputs": [
            {
              "name": "out",
              "path": "/nix/store/v3dwcyh23za5z9576ap7gkf0may7gf9i-fzf-0.54.2",
              "default": true
            },
            {
              "name": "man",
              "path": "/nix/store/qw7yba26h2byfiq5hfp1fr9yys2y075r-fzf-0.54.2-man",
              "default": true
            }
          ],
          "store_path": "/nix/store/v3dwcyh23za5z9576ap7gkf0may7gf9i-fzf-0.54.2"
        },
        "x86_64-linux": {
          "outputs": [
            {
              "name": "out",
              "path": "/nix/store/nswfxc3amm4rs8gradpd7vcf7ray3hmp-fzf-0.54.2",
              "default": true
            },
            {
              "name": "man",
              "path": "/nix/store/65a0hgzij3s7qhyq4yg3dh6axfh3hrs3-fzf-0.54.2-man",
              "default": true
            }
          ],
          "store_path": "/nix/store/nswfxc3amm4rs8gradpd7vcf7ray3hmp-fzf-0.54.2"
        }
      }
    },
    "gh@latest": {
      "last_modified": "2024-07-20T09:11:00Z",
      "resolved": "github:NixOS/nixpkgs/6e14bbce7bea6c4efd7adfa88a40dac750d80100#gh",
      "source": "devbox-search",
      "version": "2.53.0",
      "systems": {
        "aarch64-darwin": {
          "outputs": [
            {
              "name": "out",
              "path": "/nix/store/isgmpcikb92pmj3ckpvjpbf45yk2n8y3-gh-2.53.0",
              "default": true
            }
          ],
          "store_path": "/nix/store/isgmpcikb92pmj3ckpvjpbf45yk2n8y3-gh-2.53.0"
        },
        "aarch64-linux": {
          "outputs": [
            {
              "name": "out",
              "path": "/nix/store/mq498lw8nmvffxkl7v5rf6zjps2b4hsf-gh-2.53.0",
              "default": true
            }
          ],
          "store_path": "/nix/store/mq498lw8nmvffxkl7v5rf6zjps2b4hsf-gh-2.53.0"
        },
        "x86_64-darwin": {
          "outputs": [
            {
              "name": "out",
              "path": "/nix/store/0di91k9k3g0ygjzf0bdl16v702hdiwz2-gh-2.53.0",
              "default": true
            }
          ],
          "store_path": "/nix/store/0di91k9k3g0ygjzf0bdl16v702hdiwz2-gh-2.53.0"
        },
        "x86_64-linux": {
          "outputs": [
            {
              "name": "out",
              "path": "/nix/store/ci5hgcdq8jmqzh1vn4p3wab22pqnvfjj-gh-2.53.0",
              "default": true
            }
          ],
          "store_path": "/nix/store/ci5hgcdq8jmqzh1vn4p3wab22pqnvfjj-gh-2.53.0"
        }
      }
    },
    "jq@latest": {
      "last_modified": "2024-07-27T09:52:18Z",
      "resolved": "github:NixOS/nixpkgs/e36e9f57337d0ff0cf77aceb58af4c805472bfae#jq",
      "source": "devbox-search",
      "version": "1.7.1",
      "systems": {
        "aarch64-darwin": {
          "outputs": [
            {
              "name": "bin",
              "path": "/nix/store/5dsicv93i37c4rqr08r1zdj8dwpa63nj-jq-1.7.1-bin",
              "default": true
            },
            {
              "name": "man",
              "path": "/nix/store/jf3cf8rxhpc6l40sjcksarfk9nvnpmrw-jq-1.7.1-man",
              "default": true
            },
            {
              "name": "out",
              "path": "/nix/store/5mzkysyi9h4bim5plq6d85zqiv3nb3bi-jq-1.7.1"
            },
            {
              "name": "dev",
              "path": "/nix/store/6ad6jxsm7478f0x8rq8rrdc4han7s80j-jq-1.7.1-dev"
            },
            {
              "name": "doc",
              "path": "/nix/store/bll94fwkzpm5sklfwj70848amgrjkrn0-jq-1.7.1-doc"
            },
            {
              "name": "lib",
              "path": "/nix/store/wisxfshfsm2cg4raffilv38cgiqrlw45-jq-1.7.1-lib"
            }
          ],
          "store_path": "/nix/store/5dsicv93i37c4rqr08r1zdj8dwpa63nj-jq-1.7.1-bin"
        },
        "aarch64-linux": {
          "outputs": [
            {
              "name": "bin",
              "path": "/nix/store/9bm6a5hr2036bp03n7mvcj8qb7z6mcr0-jq-1.7.1-bin",
              "default": true
            },
            {
              "name": "man",
              "path": "/nix/store/hqck6h5n2av24gvs8fbq566v03fcmw17-jq-1.7.1-man",
              "default": true
            },
            {
              "name": "dev",
              "path": "/nix/store/h0v2snl3jji71maplpiyjnb4xblgf428-jq-1.7.1-dev"
            },
            {
              "name": "doc",
              "path": "/nix/store/w74r4zi5cy74qmmzziq0vkp5lr0vg95i-jq-1.7.1-doc"
            },
            {
              "name": "lib",
              "path": "/nix/store/gnansglnqy5s2yiy4p9nf07iid8y6hl1-jq-1.7.1-lib"
            },
            {
              "name": "out",
              "path": "/nix/store/0sh7a753nby7r3849sz8gy4cbnkd45i4-jq-1.7.1"
            }
          ],
          "store_path": "/nix/store/9bm6a5hr2036bp03n7mvcj8qb7z6mcr0-jq-1.7.1-bin"
        },
        "x86_64-darwin": {
          "outputs": [
            {
              "name": "bin",
              "path": "/nix/store/bcyvwrb0hl85gckd2f3rfl1ih69r5pwz-jq-1.7.1-bin",
              "default": true
            },
            {
              "name": "man",
              "path": "/nix/store/arsqld8fq5sg7lsy39g12xr1dim25afw-jq-1.7.1-man",
              "default": true
            },
            {
              "name": "dev",
              "path": "/nix/store/q1bqzh7ngrskmdcswx5i9fvxnl24qiaq-jq-1.7.1-dev"
            },
            {
              "name": "doc",
              "path": "/nix/store/mh4hdlh3qhbbq991rk5ab3903fai0nkc-jq-1.7.1-doc"
            },
            {
              "name": "lib",
              "path": "/nix/store/8pw8540dyhqc5mbmd2bd7ah2lxaaa01j-jq-1.7.1-lib"
            },
            {
              "name": "out",
              "path": "/nix/store/gbp8xd6x3cj7d1yd7cslnrfbjxvqzdls-jq-1.7.1"
            }
          ],
          "store_path": "/nix/store/bcyvwrb0hl85gckd2f3rfl1ih69r5pwz-jq-1.7.1-bin"
        },
        "x86_64-linux": {
          "outputs": [
            {
              "name": "bin",
              "path": "/nix/store/axpqa3f5l63mc38h11x1gc5cykw8bn5i-jq-1.7.1-bin",
              "default": true
            },
            {
              "name": "man",
              "path": "/nix/store/wfmw87vqkz2xifc9sb0gvnad1l73qk6v-jq-1.7.1-man",
              "default": true
            },
            {
              "name": "lib",
              "path": "/nix/store/133fxjd0mqf8x720c2a8cp9175ma0n9x-jq-1.7.1-lib"
            },
            {
              "name": "out",
              "path": "/nix/store/iw31k4crvrhmgykdxy0dyz632h2jhzkz-jq-1.7.1"
            },
            {
              "name": "dev",
              "path": "/nix/store/nnawicd7asp8mn0gsp8j0gxd81y1jasr-jq-1.7.1-dev"
            },
            {
              "name": "doc",
              "path": "/nix/store/7nx4qp08rd6f92iw377lzrvdhpzslrvy-jq-1.7.1-doc"
            }
          ],
          "store_path": "/nix/store/axpqa3f5l63mc38h11x1gc5cykw8bn5i-jq-1.7.1-bin"
        }
      }
    },
    "teller@latest": {
      "last_modified": "2024-07-07T07:43:47Z",
      "resolved": "github:NixOS/nixpkgs/b60793b86201040d9dee019a05089a9150d08b5b#teller",
      "source": "devbox-search",
      "version": "2.0.7",
      "systems": {
        "aarch64-darwin": {
          "outputs": [
            {
              "name": "out",
              "path": "/nix/store/r4226bx64i0cf7mfxandg7zzglqxszcq-teller-2.0.7",
              "default": true
            }
          ],
          "store_path": "/nix/store/r4226bx64i0cf7mfxandg7zzglqxszcq-teller-2.0.7"
        },
        "aarch64-linux": {
          "outputs": [
            {
              "name": "out",
              "path": "/nix/store/sdwqxb2g7lic74k6ma7i9kwx60sh4rv5-teller-2.0.7",
              "default": true
            }
          ],
          "store_path": "/nix/store/sdwqxb2g7lic74k6ma7i9kwx60sh4rv5-teller-2.0.7"
        },
        "x86_64-darwin": {
          "outputs": [
            {
              "name": "out",
              "path": "/nix/store/a05mzmc0fiy3x1js8rmycwpsfial800m-teller-2.0.7",
              "default": true
            }
          ],
          "store_path": "/nix/store/a05mzmc0fiy3x1js8rmycwpsfial800m-teller-2.0.7"
        },
        "x86_64-linux": {
          "outputs": [
            {
              "name": "out",
              "path": "/nix/store/cpfzq372gajzfrahrawc0w955zn17js3-teller-2.0.7",
              "default": true
            }
          ],
          "store_path": "/nix/store/cpfzq372gajzfrahrawc0w955zn17js3-teller-2.0.7"
        }
      }
    },
    "thefuck@latest": {
      "last_modified": "2024-07-10T00:27:26Z",
      "resolved": "github:NixOS/nixpkgs/16e401f01842c5bb2499e78c1fe227f939c0c474#thefuck",
      "source": "devbox-search",
      "version": "3.32",
      "systems": {
        "aarch64-darwin": {
          "outputs": [
            {
              "name": "out",
              "path": "/nix/store/9023vnsix4wv2dhj6lsx3zry8xgsrix6-thefuck-3.32",
              "default": true
            },
            {
              "name": "dist",
              "path": "/nix/store/q7x84s79yv16kd1idadq1g3z0yya2gd9-thefuck-3.32-dist"
            }
          ],
          "store_path": "/nix/store/9023vnsix4wv2dhj6lsx3zry8xgsrix6-thefuck-3.32"
        },
        "aarch64-linux": {
          "outputs": [
            {
              "name": "out",
              "path": "/nix/store/gclqd4lg55gf8fz50xv0rqq9qs1hf6hk-thefuck-3.32",
              "default": true
            },
            {
              "name": "dist",
              "path": "/nix/store/c4c2wcd0yyqr16cskzwk3jx7fv90pzlk-thefuck-3.32-dist"
            }
          ],
          "store_path": "/nix/store/gclqd4lg55gf8fz50xv0rqq9qs1hf6hk-thefuck-3.32"
        },
        "x86_64-darwin": {
          "outputs": [
            {
              "name": "out",
              "path": "/nix/store/ksrali1hyb6hx1rplvh3xka5qjvv1szx-thefuck-3.32",
              "default": true
            },
            {
              "name": "dist",
              "path": "/nix/store/ljwn58n2skhi662mmznjms2ijwha861b-thefuck-3.32-dist"
            }
          ],
          "store_path": "/nix/store/ksrali1hyb6hx1rplvh3xka5qjvv1szx-thefuck-3.32"
        },
        "x86_64-linux": {
          "outputs": [
            {
              "name": "out",
              "path": "/nix/store/k3dhx459y5cjgl00xcgqs5hygksi89nn-thefuck-3.32",
              "default": true
            },
            {
              "name": "dist",
              "path": "/nix/store/ad6ch0m0br98j6yv5p7syvbw224d08v2-thefuck-3.32-dist"
            }
          ],
          "store_path": "/nix/store/k3dhx459y5cjgl00xcgqs5hygksi89nn-thefuck-3.32"
        }
      }
    },
    "yq@latest": {
      "last_modified": "2024-07-07T07:43:47Z",
      "resolved": "github:NixOS/nixpkgs/b60793b86201040d9dee019a05089a9150d08b5b#yq",
      "source": "devbox-search",
      "version": "3.4.3",
      "systems": {
        "aarch64-darwin": {
          "outputs": [
            {
              "name": "out",
              "path": "/nix/store/7wd5dn3p6czs3vjkpgadniv8r5jsbg6d-python3.12-yq-3.4.3",
              "default": true
            },
            {
              "name": "dist",
              "path": "/nix/store/cx96ab2l5g7k20irlkybg90r6ww2g419-python3.12-yq-3.4.3-dist"
            }
          ],
          "store_path": "/nix/store/7wd5dn3p6czs3vjkpgadniv8r5jsbg6d-python3.12-yq-3.4.3"
        },
        "aarch64-linux": {
          "outputs": [
            {
              "name": "out",
              "path": "/nix/store/79bqrczvm1jh0hd89ndp606i8w2xvkid-python3.12-yq-3.4.3",
              "default": true
            },
            {
              "name": "dist",
              "path": "/nix/store/byzgcykw6d3rflm4nmqnyz1ix1cavkww-python3.12-yq-3.4.3-dist"
            }
          ],
          "store_path": "/nix/store/79bqrczvm1jh0hd89ndp606i8w2xvkid-python3.12-yq-3.4.3"
        },
        "x86_64-darwin": {
          "outputs": [
            {
              "name": "out",
              "path": "/nix/store/zx39lrg1dfrpvyc85h76l4vvrvkd854c-python3.12-yq-3.4.3",
              "default": true
            },
            {
              "name": "dist",
              "path": "/nix/store/n8klbx0dj7bz5fwwagkrc7ffdqrn53gg-python3.12-yq-3.4.3-dist"
            }
          ],
          "store_path": "/nix/store/zx39lrg1dfrpvyc85h76l4vvrvkd854c-python3.12-yq-3.4.3"
        },
        "x86_64-linux": {
          "outputs": [
            {
              "name": "out",
              "path": "/nix/store/vda5kydci789ws52i1j2k52lcb3m7mb6-python3.12-yq-3.4.3",
              "default": true
            },
            {
              "name": "dist",
              "path": "/nix/store/ckg535fiszicf6cxza016wbayv418nbs-python3.12-yq-3.4.3-dist"
            }
          ],
          "store_path": "/nix/store/vda5kydci789ws52i1j2k52lcb3m7mb6-python3.12-yq-3.4.3"
        }
      }
    },
    "zoxide@latest": {
      "last_modified": "2024-07-28T04:39:20Z",
      "resolved": "github:NixOS/nixpkgs/038fb464fcfa79b4f08131b07f2d8c9a6bcc4160#zoxide",
      "source": "devbox-search",
      "version": "0.9.4",
      "systems": {
        "aarch64-darwin": {
          "outputs": [
            {
              "name": "out",
              "path": "/nix/store/v6d4zgglg3vm8x1b9ihlq2a9iq086j2v-zoxide-0.9.4",
              "default": true
            }
          ],
          "store_path": "/nix/store/v6d4zgglg3vm8x1b9ihlq2a9iq086j2v-zoxide-0.9.4"
        },
        "aarch64-linux": {
          "outputs": [
            {
              "name": "out",
              "path": "/nix/store/wckf6bywi7y2496z3f7k62z9aq4la7ns-zoxide-0.9.4",
              "default": true
            }
          ],
          "store_path": "/nix/store/wckf6bywi7y2496z3f7k62z9aq4la7ns-zoxide-0.9.4"
        },
        "x86_64-darwin": {
          "outputs": [
            {
              "name": "out",
              "path": "/nix/store/2xhqfxh565ryyz4n3m9iz4wli5b1kxnc-zoxide-0.9.4",
              "default": true
            }
          ],
          "store_path": "/nix/store/2xhqfxh565ryyz4n3m9iz4wli5b1kxnc-zoxide-0.9.4"
        },
        "x86_64-linux": {
          "outputs": [
            {
              "name": "out",
              "path": "/nix/store/3cf00yza6r1j0w0fla0d4h1f8nai7pkx-zoxide-0.9.4",
              "default": true
            }
          ],
          "store_path": "/nix/store/3cf00yza6r1j0w0fla0d4h1f8nai7pkx-zoxide-0.9.4"
        }
      }
    }
  }
}
